
Microsoft Visual Studio Solution File, Format Version 12.00
# Visual Studio Version 17
VisualStudioVersion = 17.5.33530.505
MinimumVisualStudioVersion = 10.0.40219.1
Project("{9A19103F-16F7-4668-BE54-9A1E7A4F7556}") = "BlazorAppUI", "BlazorAppUI\BlazorAppUI.csproj", "{AEF56D54-5535-457F-B33E-E73EBC825F6A}"
EndProject
Project("{9A19103F-16F7-4668-BE54-9A1E7A4F7556}") = "DataAccessLibrary", "DataAccessLibrary\DataAccessLibrary.csproj", "{F089C56E-C14C-4724-908D-8CF86B694471}"
EndProject
Project("{9A19103F-16F7-4668-BE54-9A1E7A4F7556}") = "BlazorAutenticazione", "BlazorAutenticazione\BlazorAutenticazione.csproj", "{92025DDB-1811-4936-85FD-39E69B55568F}"
EndProject
Project("{FAE04EC0-301F-11D3-BF4B-00C04F79EFBC}") = "BlazorTestCRUD", "BlazorTestCRUD\BlazorTestCRUD.csproj", "{5067E864-1A31-4063-878E-9F592DB14D9E}"
	ProjectSection(ProjectDependencies) = postProject
		{F089C56E-C14C-4724-908D-8CF86B694471} = {F089C56E-C14C-4724-908D-8CF86B694471}
	EndProjectSection
EndProject
Global
	GlobalSection(SolutionConfigurationPlatforms) = preSolution
		Debug|Any CPU = Debug|Any CPU
		Release|Any CPU = Release|Any CPU
	EndGlobalSection
	GlobalSection(ProjectConfigurationPlatforms) = postSolution
		{AEF56D54-5535-457F-B33E-E73EBC825F6A}.Debug|Any CPU.ActiveCfg = Debug|Any CPU
		{AEF56D54-5535-457F-B33E-E73EBC825F6A}.Debug|Any CPU.Build.0 = Debug|Any CPU
		{AEF56D54-5535-457F-B33E-E73EBC825F6A}.Release|Any CPU.ActiveCfg = Release|Any CPU
		{AEF56D54-5535-457F-B33E-E73EBC825F6A}.Release|Any CPU.Build.0 = Release|Any CPU
		{F089C56E-C14C-4724-908D-8CF86B694471}.Debug|Any CPU.ActiveCfg = Debug|Any CPU
		{F089C56E-C14C-4724-908D-8CF86B694471}.Debug|Any CPU.Build.0 = Debug|Any CPU
		{F089C56E-C14C-4724-908D-8CF86B694471}.Release|Any CPU.ActiveCfg = Release|Any CPU
		{F089C56E-C14C-4724-908D-8CF86B694471}.Release|Any CPU.Build.0 = Release|Any CPU
		{92025DDB-1811-4936-85FD-39E69B55568F}.Debug|Any CPU.ActiveCfg = Debug|Any CPU
		{92025DDB-1811-4936-85FD-39E69B55568F}.Debug|Any CPU.Build.0 = Debug|Any CPU
		{92025DDB-1811-4936-85FD-39E69B55568F}.Release|Any CPU.ActiveCfg = Release|Any CPU
		{92025DDB-1811-4936-85FD-39E69B55568F}.Release|Any CPU.Build.0 = Release|Any CPU
		{5067E864-1A31-4063-878E-9F592DB14D9E}.Debug|Any CPU.ActiveCfg = Debug|Any CPU
		{5067E864-1A31-4063-878E-9F592DB14D9E}.Debug|Any CPU.Build.0 = Debug|Any CPU
		{5067E864-1A31-4063-878E-9F592DB14D9E}.Release|Any CPU.ActiveCfg = Release|Any CPU
		{5067E864-1A31-4063-878E-9F592DB14D9E}.Release|Any CPU.Build.0 = Release|Any CPU
	EndGlobalSection
	GlobalSection(SolutionProperties) = preSolution
		HideSolutionNode = FALSE
	EndGlobalSection
	GlobalSection(ExtensibilityGlobals) = postSolution
		SolutionGuid = {D5707F8E-CF27-457C-9814-E1630D3619F4}
	EndGlobalSection
EndGlobal
